
Microsoft Visual Studio Solution File, Format Version 12.00
# Visual Studio 14
VisualStudioVersion = 14.0.25420.1
MinimumVisualStudioVersion = 10.0.40219.1
Project("{2150E333-8FDC-42A3-9474-1A3956D46DE8}") = "BLL", "BLL", "{61CE321D-6647-4D6F-B400-99ECD59EA7C3}"
EndProject
Project("{2150E333-8FDC-42A3-9474-1A3956D46DE8}") = "DAL", "DAL", "{E1FB36CE-3380-4AD7-BDBF-22FAD39617E2}"
EndProject
Project("{2150E333-8FDC-42A3-9474-1A3956D46DE8}") = "PLL", "PLL", "{F72D7EEF-3611-4469-AB9B-25CFCCD82E4F}"
EndProject
Project("{FAE04EC0-301F-11D3-BF4B-00C04F79EFBC}") = "App.Console.PLL", "App.Console.PLL\App.Console.PLL.csproj", "{BB500671-4B5A-4DE8-9E89-2C4BD4BE86B5}"
EndProject
Project("{2150E333-8FDC-42A3-9474-1A3956D46DE8}") = "Interfaces", "Interfaces", "{A9AA9322-EF30-4CDF-9161-613999E2804E}"
EndProject
Project("{FAE04EC0-301F-11D3-BF4B-00C04F79EFBC}") = "App.DAL_Abstract", "App.DAL Abstract\App.DAL_Abstract.csproj", "{066EC10E-D611-4FEA-9587-3B9FD57003F8}"
EndProject
Project("{FAE04EC0-301F-11D3-BF4B-00C04F79EFBC}") = "App.BLL_Abstract", "App.BLL_Abstract\App.BLL_Abstract.csproj", "{81B36EF4-3D4C-4ED8-BA7C-0B4180A3D6E8}"
EndProject
Project("{2150E333-8FDC-42A3-9474-1A3956D46DE8}") = "Entities", "Entities", "{92F67920-85DB-4C9F-AEF7-3BD1E1E82838}"
EndProject
Project("{FAE04EC0-301F-11D3-BF4B-00C04F79EFBC}") = "App.Entities", "App.Entities\App.Entities.csproj", "{9B742E40-5E4B-4536-A983-ACA3F080AB2E}"
EndProject
Global
	GlobalSection(SolutionConfigurationPlatforms) = preSolution
		Debug|Any CPU = Debug|Any CPU
		Release|Any CPU = Release|Any CPU
	EndGlobalSection
	GlobalSection(ProjectConfigurationPlatforms) = postSolution
		{BB500671-4B5A-4DE8-9E89-2C4BD4BE86B5}.Debug|Any CPU.ActiveCfg = Debug|Any CPU
		{BB500671-4B5A-4DE8-9E89-2C4BD4BE86B5}.Debug|Any CPU.Build.0 = Debug|Any CPU
		{BB500671-4B5A-4DE8-9E89-2C4BD4BE86B5}.Release|Any CPU.ActiveCfg = Release|Any CPU
		{BB500671-4B5A-4DE8-9E89-2C4BD4BE86B5}.Release|Any CPU.Build.0 = Release|Any CPU
		{066EC10E-D611-4FEA-9587-3B9FD57003F8}.Debug|Any CPU.ActiveCfg = Debug|Any CPU
		{066EC10E-D611-4FEA-9587-3B9FD57003F8}.Debug|Any CPU.Build.0 = Debug|Any CPU
		{066EC10E-D611-4FEA-9587-3B9FD57003F8}.Release|Any CPU.ActiveCfg = Release|Any CPU
		{066EC10E-D611-4FEA-9587-3B9FD57003F8}.Release|Any CPU.Build.0 = Release|Any CPU
		{81B36EF4-3D4C-4ED8-BA7C-0B4180A3D6E8}.Debug|Any CPU.ActiveCfg = Debug|Any CPU
		{81B36EF4-3D4C-4ED8-BA7C-0B4180A3D6E8}.Debug|Any CPU.Build.0 = Debug|Any CPU
		{81B36EF4-3D4C-4ED8-BA7C-0B4180A3D6E8}.Release|Any CPU.ActiveCfg = Release|Any CPU
		{81B36EF4-3D4C-4ED8-BA7C-0B4180A3D6E8}.Release|Any CPU.Build.0 = Release|Any CPU
		{9B742E40-5E4B-4536-A983-ACA3F080AB2E}.Debug|Any CPU.ActiveCfg = Debug|Any CPU
		{9B742E40-5E4B-4536-A983-ACA3F080AB2E}.Debug|Any CPU.Build.0 = Debug|Any CPU
		{9B742E40-5E4B-4536-A983-ACA3F080AB2E}.Release|Any CPU.ActiveCfg = Release|Any CPU
		{9B742E40-5E4B-4536-A983-ACA3F080AB2E}.Release|Any CPU.Build.0 = Release|Any CPU
	EndGlobalSection
	GlobalSection(SolutionProperties) = preSolution
		HideSolutionNode = FALSE
	EndGlobalSection
	GlobalSection(NestedProjects) = preSolution
		{BB500671-4B5A-4DE8-9E89-2C4BD4BE86B5} = {F72D7EEF-3611-4469-AB9B-25CFCCD82E4F}
		{066EC10E-D611-4FEA-9587-3B9FD57003F8} = {A9AA9322-EF30-4CDF-9161-613999E2804E}
		{81B36EF4-3D4C-4ED8-BA7C-0B4180A3D6E8} = {A9AA9322-EF30-4CDF-9161-613999E2804E}
		{9B742E40-5E4B-4536-A983-ACA3F080AB2E} = {92F67920-85DB-4C9F-AEF7-3BD1E1E82838}
	EndGlobalSection
EndGlobal
